
Microsoft Visual Studio Solution File, Format Version 12.00
# Visual Studio 15
VisualStudioVersion = 15.0.27428.2027
MinimumVisualStudioVersion = 10.0.40219.1
Project("{9A19103F-16F7-4668-BE54-9A1E7A4F7556}") = "CookBook.DAL", "CookBook.DAL\CookBook.DAL.csproj", "{FD344894-504D-4A7E-BBB2-922521AA47AA}"
EndProject
Project("{9A19103F-16F7-4668-BE54-9A1E7A4F7556}") = "CookBook.BL", "CookBook.BL\CookBook.BL.csproj", "{02994A0B-4E60-499C-AD6C-52F4CF7B74F5}"
EndProject
Project("{9A19103F-16F7-4668-BE54-9A1E7A4F7556}") = "CookBook.WEB", "CookBook.WEB\CookBook.WEB.csproj", "{5F60FB98-9612-4137-9C6E-AA465FC4A961}"
EndProject
Global
	GlobalSection(SolutionConfigurationPlatforms) = preSolution
		Debug|Any CPU = Debug|Any CPU
		Release|Any CPU = Release|Any CPU
	EndGlobalSection
	GlobalSection(ProjectConfigurationPlatforms) = postSolution
		{FD344894-504D-4A7E-BBB2-922521AA47AA}.Debug|Any CPU.ActiveCfg = Debug|Any CPU
		{FD344894-504D-4A7E-BBB2-922521AA47AA}.Debug|Any CPU.Build.0 = Debug|Any CPU
		{FD344894-504D-4A7E-BBB2-922521AA47AA}.Release|Any CPU.ActiveCfg = Release|Any CPU
		{FD344894-504D-4A7E-BBB2-922521AA47AA}.Release|Any CPU.Build.0 = Release|Any CPU
		{02994A0B-4E60-499C-AD6C-52F4CF7B74F5}.Debug|Any CPU.ActiveCfg = Debug|Any CPU
		{02994A0B-4E60-499C-AD6C-52F4CF7B74F5}.Debug|Any CPU.Build.0 = Debug|Any CPU
		{02994A0B-4E60-499C-AD6C-52F4CF7B74F5}.Release|Any CPU.ActiveCfg = Release|Any CPU
		{02994A0B-4E60-499C-AD6C-52F4CF7B74F5}.Release|Any CPU.Build.0 = Release|Any CPU
		{5F60FB98-9612-4137-9C6E-AA465FC4A961}.Debug|Any CPU.ActiveCfg = Debug|Any CPU
		{5F60FB98-9612-4137-9C6E-AA465FC4A961}.Debug|Any CPU.Build.0 = Debug|Any CPU
		{5F60FB98-9612-4137-9C6E-AA465FC4A961}.Release|Any CPU.ActiveCfg = Release|Any CPU
		{5F60FB98-9612-4137-9C6E-AA465FC4A961}.Release|Any CPU.Build.0 = Release|Any CPU
	EndGlobalSection
	GlobalSection(SolutionProperties) = preSolution
		HideSolutionNode = FALSE
	EndGlobalSection
	GlobalSection(ExtensibilityGlobals) = postSolution
		SolutionGuid = {E37B16D2-4564-495B-ABA9-75DDF58840C9}
	EndGlobalSection
EndGlobal
